version = 1
revision = 3
requires-python = "==3.10.*"

[[package]]
name = "certifi"
version = "2026.7.22"
source = { registry = "https://pypi.org/simple" }
sdist = { url = "https://files.pythonhosted.org/packages/a3/c2/24167ea9858356b47a87a50d39908bfdb72ceeefe0041586e704e5376b3a/certifi-2026.7.22.tar.gz", hash = "sha256:741e2c3b351ddf169a738da9f2c048608ff7f2c5cc02f1ebc6b118bb090d5d55", size = 138112, upload-time = "2026-07-22T03:35:12.644Z" }
wheels = [
    { url = "https://files.pythonhosted.org/packages/0b/a7/71ac2cff56fec219ed242bb11b8efb69fcc4bec75db06fb7bfe35de520e6/certifi-2026.7.22-py3-none-any.whl", hash = "sha256:62f22742b58a1a33014a2b6b706588a8d7e2a88ae7bd1a6ebe8c992928483775", size = 136983, upload-time = "2026-07-22T03:35:11.276Z" },
]

[[package]]
name = "charset-normalizer"
version = "3.5.1"
source = { registry = "https://pypi.org/simple" }
sdist = { url = "https://files.pythonhosted.org/packages/e5/3f/143b048436775b0f76ac3eec145c019e8173ccc2885c8f20319b996d5e83/charset_normalizer-3.5.1.tar.gz", hash = "sha256:6117b84ea48435e5356dc737f5121485c30920ba43375fa7b434fd753df0eac3", size = 171764, upload-time = "2026-08-15T08:20:44.807Z" }
wheels = [
    { url = "https://files.pythonhosted.org/packages/71/aa/554e2614f38fc34c58ff1d0911ae8535ad2516440d5482d76fe59f1088b0/charset_normalizer-3.5.1-cp310-cp310-macosx_10_9_universal2.whl", hash = "sha256:d1ee1e296209fdce05b81b663250eefa02213a2da7b41bf26f7829b8ba3545aa", size = 369072, upload-time = "2026-08-15T08:16:22.964Z" },
    { url = "https://files.pythonhosted.org/packages/03/6d/439231dfc3ccfa6f8c06477b7da2219cbd41a2de3d49084df8ec7b5100f2/charset_normalizer-3.5.1-cp310-cp310-manylinux2014_aarch64.manylinux_2_17_aarch64.manylinux_2_28_aarch64.whl", hash = "sha256:e9fbdce1e47394b09bc9f26ab117dfc8d6491977a11d86f592bb42c779db2fda", size = 251142, upload-time = "2026-08-15T08:16:24.81Z" },
    { url = "https://files.pythonhosted.org/packages/55/53/7d819bd23a00ef45039146fa2cce1daa2f0771e758c5653ee1f6edac91ed/charset_normalizer-3.5.1-cp310-cp310-manylinux2014_armv7l.manylinux_2_17_armv7l.manylinux_2_31_armv7l.whl", hash = "sha256:00668ebb0609751758682eb0b5857e7c35b9f00e84dfdef062e103244ec94d45", size = 240714, upload-time = "2026-08-15T08:16:26.392Z" },
    { url = "https://files.pythonhosted.org/packages/b2/2c/45847198c16f4b38090cc7423b2b6a9008e438704d8ab413211832498d31/charset_normalizer-3.5.1-cp310-cp310-manylinux2014_ppc64le.manylinux_2_17_ppc64le.manylinux_2_28_ppc64le.whl", hash = "sha256:ba2f37ee79e6338845261a3c5b1784e5d1acdff2c0785b284f1b633033d136ab", size = 279637, upload-time = "2026-08-15T08:16:27.961Z" },
    { url = "https://files.pythonhosted.org/packages/69/2b/d8be3523ddf9f0b0f3e56d1359034aa10653a4d11564c697f802b4775766/charset_normalizer-3.5.1-cp310-cp310-manylinux2014_s390x.manylinux_2_17_s390x.manylinux_2_28_s390x.whl", hash = "sha256:ce854f5f478050ade5a238731c4ca985a7d3b3cb53ff600a9b5c3b689b5f0a7a", size = 276543, upload-time = "2026-08-15T08:16:29.399Z" },
    { url = "https://files.pythonhosted.org/packages/32/cd/4f564b8f132de25db594efc706897069f016790cea63a5669c9df2675f64/charset_normalizer-3.5.1-cp310-cp310-manylinux2014_x86_64.manylinux_2_17_x86_64.manylinux_2_28_x86_64.whl", hash = "sha256:96eefc178f8636b9c760c5829345307fd81cfae9ab1e80997dbddeb0f54ee9a3", size = 261644, upload-time = "2026-08-15T08:16:30.722Z" },
    { url = "https://files.pythonhosted.org/packages/f5/e3/38b975422534a608f98c360e79c2f07c763d66dd4272300d45fb1fee54b0/charset_normalizer-3.5.1-cp310-cp310-manylinux_2_31_riscv64.manylinux_2_39_riscv64.whl", hash = "sha256:366ec70f5547c640d3ce1985722490f23faf4eb5216a7eeba78277490e78dacb", size = 259609, upload-time = "2026-08-15T08:16:32.248Z" },
    { url = "https://files.pythonhosted.org/packages/87/bd/fbc24d825c66f1c74f6ccdea3742c3d8354a4888e86d1315a197fee69061/charset_normalizer-3.5.1-cp310-cp310-musllinux_1_2_aarch64.whl", hash = "sha256:950f23cb393f85543777b0433f082cddd25b51ab398eac7971146495679efe5f", size = 252457, upload-time = "2026-08-15T08:16:33.849Z" },
    { url = "https://files.pythonhosted.org/packages/b9/2d/918d0e98a0e679469ed05bb2d90c2088b4d315bb612969d8499f76fb5210/charset_normalizer-3.5.1-cp310-cp310-musllinux_1_2_armv7l.whl", hash = "sha256:c1dcc36dcb96abc02236e182d17e0f71430152a6c2c7447421da2d2dc144edea", size = 242240, upload-time = "2026-08-15T08:16:35.396Z" },
    { url = "https://files.pythonhosted.org/packages/20/c8/c36f6e0b2dfec351bd38cbc05362697e58bcd073d7dbd95154290c9714ce/charset_normalizer-3.5.1-cp310-cp310-musllinux_1_2_ppc64le.whl", hash = "sha256:07ffd07412fc5d5e84cd8952acf9ff7e4ed7a708e69d1bada19d8ba91711353f", size = 280308, upload-time = "2026-08-15T08:16:36.825Z" },
    { url = "https://files.pythonhosted.org/packages/ca/7b/311b3e02e8c4092400c449c850a760d8c45d900983c83a70cc07208c551d/charset_normalizer-3.5.1-cp310-cp310-musllinux_1_2_riscv64.whl", hash = "sha256:f5542f9b941279d82d41eb0aa9f98eba36fe4df5c7086c651df7944935b37182", size = 258679, upload-time = "2026-08-15T08:16:38.22Z" },
    { url = "https://files.pythonhosted.org/packages/b9/90/082cc45599c392f28c036a497f49e0634041a785fc3849c80ccf396d096f/charset_normalizer-3.5.1-cp310-cp310-musllinux_1_2_s390x.whl", hash = "sha256:a545775cfe815855ea32d7c27731d79da358ef2055b4a25830231b1622dd18aa", size = 277221, upload-time = "2026-08-15T08:16:39.62Z" },
    { url = "https://files.pythonhosted.org/packages/58/ad/b9aecf38d805cbcf84fa94f14c5d972a16561e20296a11dc799a5dcf3763/charset_normalizer-3.5.1-cp310-cp310-musllinux_1_2_x86_64.whl", hash = "sha256:494b70049a4d69aec6e8137c13af4cf8db8c9f9820a1392ac293b0dd2987a818", size = 263799, upload-time = "2026-08-15T08:16:40.885Z" },
    { url = "https://files.pythonhosted.org/packages/b7/23/b38a20598d5a825f85d9d7636860e56ff0db1479f86497a6e485aa9326f7/charset_normalizer-3.5.1-cp310-cp310-win32.whl", hash = "sha256:94fbf1c0c6cc0d3d5e50f9a9313a8cdca90dd696d34b381cd1704f8c9e939f20", size = 182037, upload-time = "2026-08-15T08:16:42.198Z" },
    { url = "https://files.pythonhosted.org/packages/d2/21/83fffb77864408b8bf0fe1ca603926401d6f8775a8e150b39aacc9958f8a/charset_normalizer-3.5.1-cp310-cp310-win_amd64.whl", hash = "sha256:be47f99644b208bff7766314013f9acf57b056b04191d570d68ad14022cf5b1d", size = 206030, upload-time = "2026-08-15T08:16:43.787Z" },
    { url = "https://files.pythonhosted.org/packages/86/2e/b93135b5034b1157fb29554b0d06d4844ce62282f0e0a14036f93d7ee2e7/charset_normalizer-3.5.1-cp310-cp310-win_arm64.whl", hash = "sha256:a6d095662e73e74f0a49988e0593373e243e3a52e27bfeea0a859e88acf4a0f5", size = 185092, upload-time = "2026-08-15T08:16:45.177Z" },
    { url = "https://files.pythonhosted.org/packages/5b/97/fb4e82231aba271ffd775a1b4993b0defc4e3059f286ae41d9433409fe85/charset_normalizer-3.5.1-cp37-abi3-macosx_10_9_universal2.whl", hash = "sha256:41876ee62a3dddf48ff1121ad8f0798032aa03f2fd35f21f34a4cab14f18d8d2", size = 331467, upload-time = "2026-08-15T08:19:50.959Z" },
    { url = "https://files.pythonhosted.org/packages/9f/2f/fe3f187327aac18e2d54e9d2b08e15d27bf9b642d9e51c219f130fc34d1a/charset_normalizer-3.5.1-cp37-abi3-manylinux1_x86_64.manylinux_2_28_x86_64.manylinux_2_5_x86_64.whl", hash = "sha256:a6dac12ff6b846103483683f60c5f8fee205121adc58ffd87e90a90a3af69e99", size = 253057, upload-time = "2026-08-15T08:19:52.654Z" },
    { url = "https://files.pythonhosted.org/packages/d7/c7/9e48cee5c161fe24da823b61bf381921d77cb994a0a4de148e95018c1984/charset_normalizer-3.5.1-cp37-abi3-manylinux2014_aarch64.manylinux_2_17_aarch64.manylinux_2_28_aarch64.whl", hash = "sha256:cee5dd7c6fb5dd52a0fe2a740f9bc6e3593f5f8b1788bde49de02086f30182b2", size = 240930, upload-time = "2026-08-15T08:19:54.163Z" },
    { url = "https://files.pythonhosted.org/packages/49/e0/716601f3cc69be7b198951150c75ead1ece33c3c8036ff6ffa46029659a0/charset_normalizer-3.5.1-cp37-abi3-manylinux2014_armv7l.manylinux_2_17_armv7l.manylinux_2_31_armv7l.whl", hash = "sha256:343fb4f2821043bd87095f7b08a1a181febc8e36ac64212143bbfd0a0e1bc235", size = 230822, upload-time = "2026-08-15T08:19:55.807Z" },
    { url = "https://files.pythonhosted.org/packages/d3/05/71bfc5caa0abcc45aea1f6a4d50ac68e59605ddc7666fe8494f4cd229665/charset_normalizer-3.5.1-cp37-abi3-manylinux2014_ppc64le.manylinux_2_17_ppc64le.manylinux_2_28_ppc64le.whl", hash = "sha256:ae4a097991662cd4fff0ddc74e0fe7874f82e00042fa0ea00855645ed0c79598", size = 260037, upload-time = "2026-08-15T08:19:57.312Z" },
    { url = "https://files.pythonhosted.org/packages/c3/92/de7e32ed05341e7a9c4c877c318418197b7f2d66a3b68d561bf2ac57ca3e/charset_normalizer-3.5.1-cp37-abi3-manylinux2014_s390x.manylinux_2_17_s390x.manylinux_2_28_s390x.whl", hash = "sha256:4b599739b93b2cbeded49645ae3c8d1405c29ddfbceac1545c87a3f9580a9e96", size = 255097, upload-time = "2026-08-15T08:19:59.056Z" },
    { url = "https://files.pythonhosted.org/packages/f5/7b/ade0a122600319dfa0b1000ab0f9731c94a817904cf3c5de408c73a4ede7/charset_normalizer-3.5.1-cp37-abi3-manylinux_2_31_riscv64.manylinux_2_39_riscv64.whl", hash = "sha256:b39b69b347e5e47a3b5b8cfc005c68c1ba347474e3960236c4944a8ecd174962", size = 250166, upload-time = "2026-08-15T08:20:00.612Z" },
    { url = "https://files.pythonhosted.org/packages/75/9c/019fbb9f4834491a160951349b1a3714439376f66e5f7cf18b4f18f0c7aa/charset_normalizer-3.5.1-cp37-abi3-musllinux_1_2_aarch64.whl", hash = "sha256:a2028475ba855475b8b4d3cfeb4994269c967aea8b9892dfba907f4263a863a3", size = 241821, upload-time = "2026-08-15T08:20:02.321Z" },
    { url = "https://files.pythonhosted.org/packages/2b/b8/11d4840bfc99330cc7fbcc2681ee5a044553a6e77655508d8f9b2bff7b34/charset_normalizer-3.5.1-cp37-abi3-musllinux_1_2_armv7l.whl", hash = "sha256:36047af20e17097c3bb9476c2b7655f2f7aa51322c0ba58c07695bedf755a950", size = 232529, upload-time = "2026-08-15T08:20:04.008Z" },
    { url = "https://files.pythonhosted.org/packages/18/96/2b3a21492d9f65171ac75d872f5018260013d00bfa0ff70ec9f179148cbd/charset_normalizer-3.5.1-cp37-abi3-musllinux_1_2_ppc64le.whl", hash = "sha256:4c4fb141a727957c93edfe5c32a26ceb6b5f6461d67146e2d39f51e16170bea8", size = 260348, upload-time = "2026-08-15T08:20:05.877Z" },
    { url = "https://files.pythonhosted.org/packages/d6/aa/a69a2028e8bd052476c245460ab19d7de595de084dd968f2d75cd50c3e25/charset_normalizer-3.5.1-cp37-abi3-musllinux_1_2_riscv64.whl", hash = "sha256:2f293479cce755c75f1697e87c409b7ae4c555c7dfecb6e988ad13abba943031", size = 247234, upload-time = "2026-08-15T08:20:07.487Z" },
    { url = "https://files.pythonhosted.org/packages/35/8a/3d130aeabcaf3d2466af76b7b141c08d9e89c9016ab4b7cdd0f7dc2d1c62/charset_normalizer-3.5.1-cp37-abi3-musllinux_1_2_s390x.whl", hash = "sha256:3588e376b3ea2eea84976f67273d679f229e24c66dce7b82ae45aef04ff6e072", size = 256917, upload-time = "2026-08-15T08:20:09.142Z" },
    { url = "https://files.pythonhosted.org/packages/80/c2/a7379b840292d0c1ab9fbd17d1f3967aa81794dc95bc74be8999d7fedcf7/charset_normalizer-3.5.1-cp37-abi3-musllinux_1_2_x86_64.whl", hash = "sha256:e199fb99720074809a7720f1c0b4d919eea8b87e88713e0f8f602f7bef543d9d", size = 254846, upload-time = "2026-08-15T08:20:10.727Z" },
    { url = "https://files.pythonhosted.org/packages/01/65/d43b714731bb2f40d4053dfa00ecfc1c5a301f8e3316c5db3a09af59fe94/charset_normalizer-3.5.1-cp37-abi3-win32.whl", hash = "sha256:dd732602a7009217f658d5863d12d79d373a4de0eebc111094bcdd3bb8e0a6cc", size = 174216, upload-time = "2026-08-15T08:20:12.334Z" },
    { url = "https://files.pythonhosted.org/packages/35/4f/b911ed898b26a09789eba9c9200c999aff6c61b4bafaf4838e56d1a1e1a3/charset_normalizer-3.5.1-cp37-abi3-win_amd64.whl", hash = "sha256:70055ff39b97c99e7ae40ea3e393fb62aa2e44dbd9b29f8d14f42fb0025c3959", size = 199764, upload-time = "2026-08-15T08:20:13.908Z" },
    { url = "https://files.pythonhosted.org/packages/f0/a7/920baf467bfd9bf689f3b318340f37aee4572a71f162bd8db51da55ba4fa/charset_normalizer-3.5.1-cp37-abi3-win_arm64.whl", hash = "sha256:87e4f41d375c0b9be2fb5251aee4b8a689169e134535aed81bf085c3b647451e", size = 287318, upload-time = "2026-08-15T08:20:15.551Z" },
    { url = "https://files.pythonhosted.org/packages/cc/61/d01fc49b8dea277640b55a9e15960dbca9fdc8c9fde18e572d39c59f4019/charset_normalizer-3.5.1-py3-none-any.whl", hash = "sha256:6df0ec430f9a831772c23ca5a224cba36517a58a84bb32c32bb59a9fa67c47f6", size = 68658, upload-time = "2026-08-15T08:20:43.306Z" },
]

[[package]]
name = "idna"
version = "3.20"
source = { registry = "https://pypi.org/simple" }
sdist = { url = "https://files.pythonhosted.org/packages/f5/08/8eea9d4b8302028f3abb2c0813953f7aec26d33b7a8960ed760e65ff29fa/idna-3.20.tar.gz", hash = "sha256:a7db850025b95ded1eae8a46181a1a6c56c92c96f0e2b005d9ff8dc0210cab44", size = 216463, upload-time = "2026-09-17T14:11:04.752Z" }
wheels = [
    { url = "https://files.pythonhosted.org/packages/58/a2/bb081bab032533a855d44de1d56f8e8426114ff1ba5d1f07a438a0a654f8/idna-3.20-py3-none-any.whl", hash = "sha256:ab7ae7122974553370f0bdb919e1a960b2cd1bc1ef0276416d896db81c14582c", size = 69583, upload-time = "2026-09-17T14:11:03.168Z" },
]

[[package]]
name = "networkx"
version = "2.8.8"
source = { registry = "https://pypi.org/simple" }
sdist = { url = "https://files.pythonhosted.org/packages/cd/16/c44e8550012735b8f21b3df7f39e8ba5a987fb764ac017ad5f3589735889/networkx-2.8.8.tar.gz", hash = "sha256:230d388117af870fce5647a3c52401fcf753e94720e6ea6b4197a5355648885e", size = 1960828, upload-time = "2022-11-01T20:31:52.02Z" }
wheels = [
    { url = "https://files.pythonhosted.org/packages/42/31/d2f89f1ae42718f8c8a9e440ebe38d7d5fe1e0d9eb9178ce779e365b3ab0/networkx-2.8.8-py3-none-any.whl", hash = "sha256:e435dfa75b1d7195c7b8378c3859f0445cd88c6b0375c181ed66823a9ceb7524", size = 2025192, upload-time = "2022-11-01T20:31:49.035Z" },
]

[[package]]
name = "numpy"
version = "1.26.4"
source = { registry = "https://pypi.org/simple" }
sdist = { url = "https://files.pythonhosted.org/packages/65/6e/09db70a523a96d25e115e71cc56a6f9031e7b8cd166c1ac8438307c14058/numpy-1.26.4.tar.gz", hash = "sha256:2a02aba9ed12e4ac4eb3ea9421c420301a0c6460d9830d74a9df87efa4912010", size = 15786129, upload-time = "2024-02-06T00:26:44.495Z" }
wheels = [
    { url = "https://files.pythonhosted.org/packages/a7/94/ace0fdea5241a27d13543ee117cbc65868e82213fb31a8eb7fe9ff23f313/numpy-1.26.4-cp310-cp310-macosx_10_9_x86_64.whl", hash = "sha256:9ff0f4f29c51e2803569d7a51c2304de5554655a60c5d776e35b4a41413830d0", size = 20631468, upload-time = "2024-02-05T23:48:01.194Z" },
    { url = "https://files.pythonhosted.org/packages/20/f7/b24208eba89f9d1b58c1668bc6c8c4fd472b20c45573cb767f59d49fb0f6/numpy-1.26.4-cp310-cp310-macosx_11_0_arm64.whl", hash = "sha256:2e4ee3380d6de9c9ec04745830fd9e2eccb3e6cf790d39d7b98ffd19b0dd754a", size = 13966411, upload-time = "2024-02-05T23:48:29.038Z" },
    { url = "https://files.pythonhosted.org/packages/fc/a5/4beee6488160798683eed5bdb7eead455892c3b4e1f78d79d8d3f3b084ac/numpy-1.26.4-cp310-cp310-manylinux_2_17_aarch64.manylinux2014_aarch64.whl", hash = "sha256:d209d8969599b27ad20994c8e41936ee0964e6da07478d6c35016bc386b66ad4", size = 14219016, upload-time = "2024-02-05T23:48:54.098Z" },
    { url = "https://files.pythonhosted.org/packages/4b/d7/ecf66c1cd12dc28b4040b15ab4d17b773b87fa9d29ca16125de01adb36cd/numpy-1.26.4-cp310-cp310-manylinux_2_17_x86_64.manylinux2014_x86_64.whl", hash = "sha256:ffa75af20b44f8dba823498024771d5ac50620e6915abac414251bd971b4529f", size = 18240889, upload-time = "2024-02-05T23:49:25.361Z" },
    { url = "https://files.pythonhosted.org/packages/24/03/6f229fe3187546435c4f6f89f6d26c129d4f5bed40552899fcf1f0bf9e50/numpy-1.26.4-cp310-cp310-musllinux_1_1_aarch64.whl", hash = "sha256:62b8e4b1e28009ef2846b4c7852046736bab361f7aeadeb6a5b89ebec3c7055a", size = 13876746, upload-time = "2024-02-05T23:49:51.983Z" },
    { url = "https://files.pythonhosted.org/packages/39/fe/39ada9b094f01f5a35486577c848fe274e374bbf8d8f472e1423a0bbd26d/numpy-1.26.4-cp310-cp310-musllinux_1_1_x86_64.whl", hash = "sha256:a4abb4f9001ad2858e7ac189089c42178fcce737e4169dc61321660f1a96c7d2", size = 18078620, upload-time = "2024-02-05T23:50:22.515Z" },
    { url = "https://files.pythonhosted.org/packages/d5/ef/6ad11d51197aad206a9ad2286dc1aac6a378059e06e8cf22cd08ed4f20dc/numpy-1.26.4-cp310-cp310-win32.whl", hash = "sha256:bfe25acf8b437eb2a8b2d49d443800a5f18508cd811fea3181723922a8a82b07", size = 5972659, upload-time = "2024-02-05T23:50:35.834Z" },
    { url = "https://files.pythonhosted.org/packages/19/77/538f202862b9183f54108557bfda67e17603fc560c384559e769321c9d92/numpy-1.26.4-cp310-cp310-win_amd64.whl", hash = "sha256:b97fe8060236edf3662adfc2c633f56a08ae30560c56310562cb4f95500022d5", size = 15808905, upload-time = "2024-02-05T23:51:03.701Z" },
]

[[package]]
name = "openquantum-qutrunk-simulation"
version = "0.1.0"
source = { virtual = "." }
dependencies = [
    { name = "qutrunk" },
]

[package.metadata]
requires-dist = [{ name = "qutrunk", specifier = "==0.2.2" }]

[[package]]
name = "ply"
version = "3.11"
source = { registry = "https://pypi.org/simple" }
sdist = { url = "https://files.pythonhosted.org/packages/e5/69/882ee5c9d017149285cab114ebeab373308ef0f874fcdac9beb90e0ac4da/ply-3.11.tar.gz", hash = "sha256:00c7c1aaa88358b9c765b6d3000c6eec0ba42abca5351b095321aef446081da3", size = 159130, upload-time = "2018-02-15T19:01:31.097Z" }
wheels = [
    { url = "https://files.pythonhosted.org/packages/a3/58/35da89ee790598a0700ea49b2a66594140f44dec458c07e8e3d4979137fc/ply-3.11-py2.py3-none-any.whl", hash = "sha256:096f9b8350b65ebd2fd1346b12452efe5b9607f7482813ffca50c22722a807ce", size = 49567, upload-time = "2018-02-15T19:01:27.172Z" },
]

[[package]]
name = "pyyaml"
version = "6.0.3"
source = { registry = "https://pypi.org/simple" }
sdist = { url = "https://files.pythonhosted.org/packages/05/8e/961c0007c59b8dd7729d542c61a4d537767a59645b82a0b521206e1e25c2/pyyaml-6.0.3.tar.gz", hash = "sha256:d76623373421df22fb4cf8817020cbb7ef15c725b9d5e45f17e189bfc384190f", size = 130960, upload-time = "2025-09-25T21:33:16.546Z" }
wheels = [
    { url = "https://files.pythonhosted.org/packages/f4/a0/39350dd17dd6d6c6507025c0e53aef67a9293a6d37d3511f23ea510d5800/pyyaml-6.0.3-cp310-cp310-macosx_10_13_x86_64.whl", hash = "sha256:214ed4befebe12df36bcc8bc2b64b396ca31be9304b8f59e25c11cf94a4c033b", size = 184227, upload-time = "2025-09-25T21:31:46.04Z" },
    { url = "https://files.pythonhosted.org/packages/05/14/52d505b5c59ce73244f59c7a50ecf47093ce4765f116cdb98286a71eeca2/pyyaml-6.0.3-cp310-cp310-macosx_11_0_arm64.whl", hash = "sha256:02ea2dfa234451bbb8772601d7b8e426c2bfa197136796224e50e35a78777956", size = 174019, upload-time = "2025-09-25T21:31:47.706Z" },
    { url = "https://files.pythonhosted.org/packages/43/f7/0e6a5ae5599c838c696adb4e6330a59f463265bfa1e116cfd1fbb0abaaae/pyyaml-6.0.3-cp310-cp310-manylinux2014_aarch64.manylinux_2_17_aarch64.manylinux_2_28_aarch64.whl", hash = "sha256:b30236e45cf30d2b8e7b3e85881719e98507abed1011bf463a8fa23e9c3e98a8", size = 740646, upload-time = "2025-09-25T21:31:49.21Z" },
    { url = "https://files.pythonhosted.org/packages/2f/3a/61b9db1d28f00f8fd0ae760459a5c4bf1b941baf714e207b6eb0657d2578/pyyaml-6.0.3-cp310-cp310-manylinux2014_s390x.manylinux_2_17_s390x.manylinux_2_28_s390x.whl", hash = "sha256:66291b10affd76d76f54fad28e22e51719ef9ba22b29e1d7d03d6777a9174198", size = 840793, upload-time = "2025-09-25T21:31:50.735Z" },
    { url = "https://files.pythonhosted.org/packages/7a/1e/7acc4f0e74c4b3d9531e24739e0ab832a5edf40e64fbae1a9c01941cabd7/pyyaml-6.0.3-cp310-cp310-manylinux2014_x86_64.manylinux_2_17_x86_64.manylinux_2_28_x86_64.whl", hash = "sha256:9c7708761fccb9397fe64bbc0395abcae8c4bf7b0eac081e12b809bf47700d0b", size = 770293, upload-time = "2025-09-25T21:31:51.828Z" },
    { url = "https://files.pythonhosted.org/packages/8b/ef/abd085f06853af0cd59fa5f913d61a8eab65d7639ff2a658d18a25d6a89d/pyyaml-6.0.3-cp310-cp310-musllinux_1_2_aarch64.whl", hash = "sha256:418cf3f2111bc80e0933b2cd8cd04f286338bb88bdc7bc8e6dd775ebde60b5e0", size = 732872, upload-time = "2025-09-25T21:31:53.282Z" },
    { url = "https://files.pythonhosted.org/packages/1f/15/2bc9c8faf6450a8b3c9fc5448ed869c599c0a74ba2669772b1f3a0040180/pyyaml-6.0.3-cp310-cp310-musllinux_1_2_x86_64.whl", hash = "sha256:5e0b74767e5f8c593e8c9b5912019159ed0533c70051e9cce3e8b6aa699fcd69", size = 758828, upload-time = "2025-09-25T21:31:54.807Z" },
    { url = "https://files.pythonhosted.org/packages/a3/00/531e92e88c00f4333ce359e50c19b8d1de9fe8d581b1534e35ccfbc5f393/pyyaml-6.0.3-cp310-cp310-win32.whl", hash = "sha256:28c8d926f98f432f88adc23edf2e6d4921ac26fb084b028c733d01868d19007e", size = 142415, upload-time = "2025-09-25T21:31:55.885Z" },
    { url = "https://files.pythonhosted.org/packages/2a/fa/926c003379b19fca39dd4634818b00dec6c62d87faf628d1394e137354d4/pyyaml-6.0.3-cp310-cp310-win_amd64.whl", hash = "sha256:bdb2c67c6c1390b63c6ff89f210c8fd09d9a1217a465701eac7316313c915e4c", size = 158561, upload-time = "2025-09-25T21:31:57.406Z" },
]

[[package]]
name = "qutrunk"
version = "0.2.2"
source = { registry = "https://pypi.org/simple" }
dependencies = [
    { name = "networkx" },
    { name = "numpy" },
    { name = "ply" },
    { name = "pyyaml" },
    { name = "requests" },
    { name = "retworkx" },
    { name = "thrift" },
]
sdist = { url = "https://files.pythonhosted.org/packages/a1/2b/c50e228c57426a761fa5fbe5be350c4f83ffc6d3f031da90800d68e5e925/qutrunk-0.2.2.tar.gz", hash = "sha256:c64adc9bfa0f6a83b744bac5fb3fd2f04af5a79ec0f4ad8b751ad7abe661364a", size = 333135, upload-time = "2023-04-11T08:03:02.865Z" }
wheels = [
    { url = "https://files.pythonhosted.org/packages/a4/f3/251b26824ed254b0b369a1bf5d558fa18bc4bf72bd7b89b7affd6f522837/qutrunk-0.2.2-py3-none-any.whl", hash = "sha256:d7936ddd73e61422480a4928390469d5cf8921bcfcbdeaa8d79bca7ff0021de9", size = 420077, upload-time = "2023-04-11T08:02:47.643Z" },
]

[[package]]
name = "requests"
version = "2.34.2"
source = { registry = "https://pypi.org/simple" }
dependencies = [
    { name = "certifi" },
    { name = "charset-normalizer" },
    { name = "idna" },
    { name = "urllib3" },
]
sdist = { url = "https://files.pythonhosted.org/packages/ac/c3/e2a2b89f2d3e2179abd6d00ebd70bff6273f37fb3e0cc209f48b39d00cbf/requests-2.34.2.tar.gz", hash = "sha256:f288924cae4e29463698d6d60bc6a4da69c89185ad1e0bcc4104f584e960b9ed", size = 142856, upload-time = "2026-05-14T19:25:27.735Z" }
wheels = [
    { url = "https://files.pythonhosted.org/packages/a0/f4/c67b0b3f1b9245e8d266f0f112c500d50e5b4e83cb6f3b71b6528104182a/requests-2.34.2-py3-none-any.whl", hash = "sha256:2a0d60c172f83ac6ab31e4554906c0f3b3588d37b5cb939b1c061f4907e278e0", size = 73075, upload-time = "2026-05-14T19:25:26.443Z" },
]

[[package]]
name = "retworkx"
version = "0.11.0"
source = { registry = "https://pypi.org/simple" }
dependencies = [
    { name = "numpy" },
]
sdist = { url = "https://files.pythonhosted.org/packages/39/ca/e370819a445d152661464d87e77de9e9045cc626fb41726717aeeed81a93/retworkx-0.11.0.tar.gz", hash = "sha256:a4c2a5ad3f8402493d41ad20ad91a03777ea214a3636c290272bbfaf36161161", size = 186648, upload-time = "2022-01-19T22:52:31.904Z" }
wheels = [
    { url = "https://files.pythonhosted.org/packages/d1/14/b3c978c9273471b8dc774559765cf5d8adeb54aa286c68c4a2583fedbd46/retworkx-0.11.0-cp310-cp310-macosx_10_9_universal2.whl", hash = "sha256:5e7af7a6149e244b891d5f5a96765e14e273afd17c7c6df14ae874ecadd0c99d", size = 2436763, upload-time = "2022-01-20T11:55:07.718Z" },
    { url = "https://files.pythonhosted.org/packages/9d/23/c5e53144a93f27814afac3ecfb47222f1ab02639b58bd1ef89998f74a060/retworkx-0.11.0-cp310-cp310-macosx_10_9_x86_64.whl", hash = "sha256:a63ca79ef0950fb8fbb31696eb24c8e40ac1a3acf75f542855f49ec09171a00a", size = 1299596, upload-time = "2022-01-19T22:10:39.106Z" },
    { url = "https://files.pythonhosted.org/packages/67/42/12760676028a9bc8ae48ae047dcefad8e63548bd1b887b0a3226a90fd8d1/retworkx-0.11.0-cp310-cp310-macosx_11_0_arm64.whl", hash = "sha256:8a088709fb4734b3c4eda93d5177b778297be1edb5b2a5fc5a9d2e971aeb39e1", size = 1173086, upload-time = "2022-01-20T11:55:09.883Z" },
    { url = "https://files.pythonhosted.org/packages/b1/b7/2b4c058e55914946d9c6d4f9f0e14a93648e566e34a07cfc45eae12b1756/retworkx-0.11.0-cp310-cp310-manylinux_2_17_aarch64.manylinux2014_aarch64.whl", hash = "sha256:02eb69c81eecac6d870a557784146cfbf0694b6c17dc4be32e80d7204d965b95", size = 1512905, upload-time = "2022-01-20T02:41:00.299Z" },
    { url = "https://files.pythonhosted.org/packages/aa/35/ab61868e6a12b9bf5fd25c60e6649cf3f23e3da238ceed7b9b4f917137a7/retworkx-0.11.0-cp310-cp310-manylinux_2_17_ppc64le.manylinux2014_ppc64le.whl", hash = "sha256:474e4358c6c03a8740dd3bd54b4f4e29267879c870c040776cd91f794773cb86", size = 1593474, upload-time = "2022-01-20T00:17:44.723Z" },
    { url = "https://files.pythonhosted.org/packages/c9/ed/fa79f197b427540a1a303959429dc14fb1a31871f06c14a27491a2be815b/retworkx-0.11.0-cp310-cp310-manylinux_2_17_s390x.manylinux2014_s390x.whl", hash = "sha256:9b1d0c76735cff05042684abcced2dc700cb96413635743a171d117e2761ba8a", size = 2526443, upload-time = "2022-01-20T00:51:06.522Z" },
    { url = "https://files.pythonhosted.org/packages/2b/34/594bfda617ccec864cc3caf5b5d73005983cecc24571c0d30d1c7955cbf0/retworkx-0.11.0-cp310-cp310-manylinux_2_5_i686.manylinux1_i686.manylinux_2_12_i686.manylinux2010_i686.whl", hash = "sha256:2db4df09f3bc421e34891b3c845aa3e307c633ae3967122b486cfd9b863b2c18", size = 1629307, upload-time = "2022-01-19T22:51:53.894Z" },
    { url = "https://files.pythonhosted.org/packages/d3/8d/3b16b46275e49de75aa1bdd1eb1841f287e20b742d834679879f5ef91648/retworkx-0.11.0-cp310-cp310-manylinux_2_5_x86_64.manylinux1_x86_64.manylinux_2_12_x86_64.manylinux2010_x86_64.whl", hash = "sha256:fcd91d6a9eab5390b0f626d06587aa35220142c1238f919ce0d074545049c709", size = 1613608, upload-time = "2022-01-19T22:51:56.01Z" },
    { url = "https://files.pythonhosted.org/packages/1b/ce/4fc4c8100caa89a00220436414e8e6d27a8a1ed9963a3353448042117782/retworkx-0.11.0-cp310-cp310-win32.whl", hash = "sha256:64ad370bdca831608d18b93a738b8b3d8bc059b526bc1893e4a508c06c7e673e", size = 1080611, upload-time = "2022-01-19T22:14:07.786Z" },
    { url = "https://files.pythonhosted.org/packages/81/46/589e0ec0bf5168514c88983b9ec3187a2619450d72cdc7b1738df550de58/retworkx-0.11.0-cp310-cp310-win_amd64.whl", hash = "sha256:3d191d1a287bc24514089f7ea3151ca9b16fd70ad82af4afc68043a909228170", size = 1172266, upload-time = "2022-01-19T22:04:39.093Z" },
]

[[package]]
name = "six"
version = "1.17.0"
source = { registry = "https://pypi.org/simple" }
sdist = { url = "https://files.pythonhosted.org/packages/94/e7/b2c673351809dca68a0e064b6af791aa332cf192da575fd474ed7d6f16a2/six-1.17.0.tar.gz", hash = "sha256:ff70335d468e7eb6ec65b95b99d3a2836546063f63acc5171de367e834932a81", size = 34031, upload-time = "2024-12-04T17:35:28.174Z" }
wheels = [
    { url = "https://files.pythonhosted.org/packages/b7/ce/149a00dd41f10bc29e5921b496af8b574d8413afcd5e30dfa0ed46c2cc5e/six-1.17.0-py2.py3-none-any.whl", hash = "sha256:4721f391ed90541fddacab5acf947aa0d3dc7d27b2e1e8eda2be8970586c3274", size = 11050, upload-time = "2024-12-04T17:35:26.475Z" },
]

[[package]]
name = "thrift"
version = "0.15.0"
source = { registry = "https://pypi.org/simple" }
dependencies = [
    { name = "six" },
]
sdist = { url = "https://files.pythonhosted.org/packages/6e/97/a73a1a62f62375b21464fa45a0093ef0b653cb14f7599cffce35d51c9161/thrift-0.15.0.tar.gz", hash = "sha256:87c8205a71cf8bbb111cb99b1f7495070fbc9cabb671669568854210da5b3e29", size = 59425, upload-time = "2021-09-25T20:23:08.977Z" }

[[package]]
name = "urllib3"
version = "2.8.0"
source = { registry = "https://pypi.org/simple" }
sdist = { url = "https://files.pythonhosted.org/packages/e3/05/b17359e1cefb4f909b5e40b1b90a496d987258916dbbf88e842c729f510e/urllib3-2.8.0.tar.gz", hash = "sha256:63bf2ead4c879426ebf22ef2a781eeb4aa3b4ae798a0435506f8687fd5bb9b63", size = 458972, upload-time = "2026-09-15T19:29:36.253Z" }
wheels = [
    { url = "https://files.pythonhosted.org/packages/92/9d/c4e665119135114480843e7ab388fa94d8480650450e6f8e26b70d323a4c/urllib3-2.8.0-py3-none-any.whl", hash = "sha256:0cf3cae568d36aa9576b28dfb35f11328f1cb974ca7647d9475ebb86c75ac6e3", size = 135717, upload-time = "2026-09-15T19:29:34.577Z" },
]
