version = 1
revision = 3
requires-python = "==3.12.*"

[[package]]
name = "graphviz"
version = "0.21"
source = { registry = "https://pypi.org/simple" }
sdist = { url = "https://files.pythonhosted.org/packages/f8/b3/3ac91e9be6b761a4b30d66ff165e54439dcd48b83f4e20d644867215f6ca/graphviz-0.21.tar.gz", hash = "sha256:20743e7183be82aaaa8ad6c93f8893c923bd6658a04c32ee115edb3c8a835f78", size = 200434, upload-time = "2025-06-15T09:35:05.824Z" }
wheels = [
    { url = "https://files.pythonhosted.org/packages/91/4c/e0ce1ef95d4000ebc1c11801f9b944fa5910ecc15b5e351865763d8657f8/graphviz-0.21-py3-none-any.whl", hash = "sha256:54f33de9f4f911d7e84e4191749cac8cc5653f815b06738c54db9a15ab8b1e42", size = 47300, upload-time = "2025-06-15T09:35:04.433Z" },
]

[[package]]
name = "h5py"
version = "3.16.0"
source = { registry = "https://pypi.org/simple" }
dependencies = [
    { name = "numpy" },
]
sdist = { url = "https://files.pythonhosted.org/packages/db/33/acd0ce6863b6c0d7735007df01815403f5589a21ff8c2e1ee2587a38f548/h5py-3.16.0.tar.gz", hash = "sha256:a0dbaad796840ccaa67a4c144a0d0c8080073c34c76d5a6941d6818678ef2738", size = 446526, upload-time = "2026-03-06T13:49:08.07Z" }
wheels = [
    { url = "https://files.pythonhosted.org/packages/c8/c0/5d4119dba94093bbafede500d3defd2f5eab7897732998c04b54021e530b/h5py-3.16.0-cp312-cp312-macosx_10_13_x86_64.whl", hash = "sha256:c5313566f4643121a78503a473f0fb1e6dcc541d5115c44f05e037609c565c4d", size = 3685604, upload-time = "2026-03-06T13:48:04.198Z" },
    { url = "https://files.pythonhosted.org/packages/b0/42/c84efcc1d4caebafb1ecd8be4643f39c85c47a80fe254d92b8b43b1eadaf/h5py-3.16.0-cp312-cp312-macosx_11_0_arm64.whl", hash = "sha256:42b012933a83e1a558c673176676a10ce2fd3759976a0fedee1e672d1e04fc9d", size = 3061940, upload-time = "2026-03-06T13:48:05.783Z" },
    { url = "https://files.pythonhosted.org/packages/89/84/06281c82d4d1686fde1ac6b0f307c50918f1c0151062445ab3b6fa5a921d/h5py-3.16.0-cp312-cp312-manylinux_2_28_aarch64.whl", hash = "sha256:ff24039e2573297787c3063df64b60aab0591980ac898329a08b0320e0cf2527", size = 5198852, upload-time = "2026-03-06T13:48:07.482Z" },
    { url = "https://files.pythonhosted.org/packages/9e/e9/1a19e42cd43cc1365e127db6aae85e1c671da1d9a5d746f4d34a50edb577/h5py-3.16.0-cp312-cp312-manylinux_2_28_x86_64.whl", hash = "sha256:dfc21898ff025f1e8e67e194965a95a8d4754f452f83454538f98f8a3fcb207e", size = 5405250, upload-time = "2026-03-06T13:48:09.628Z" },
    { url = "https://files.pythonhosted.org/packages/b7/8e/9790c1655eabeb85b92b1ecab7d7e62a2069e53baefd58c98f0909c7a948/h5py-3.16.0-cp312-cp312-musllinux_1_2_aarch64.whl", hash = "sha256:698dd69291272642ffda44a0ecd6cd3bda5faf9621452d255f57ce91487b9794", size = 5190108, upload-time = "2026-03-06T13:48:11.26Z" },
    { url = "https://files.pythonhosted.org/packages/51/d7/ab693274f1bd7e8c5f9fdd6c7003a88d59bedeaf8752716a55f532924fbb/h5py-3.16.0-cp312-cp312-musllinux_1_2_x86_64.whl", hash = "sha256:2b2c02b0a160faed5fb33f1ba8a264a37ee240b22e049ecc827345d0d9043074", size = 5419216, upload-time = "2026-03-06T13:48:13.322Z" },
    { url = "https://files.pythonhosted.org/packages/03/c1/0976b235cf29ead553e22f2fb6385a8252b533715e00d0ae52ed7b900582/h5py-3.16.0-cp312-cp312-win_amd64.whl", hash = "sha256:96b422019a1c8975c2d5dadcf61d4ba6f01c31f92bbde6e4649607885fe502d6", size = 3182868, upload-time = "2026-03-06T13:48:15.759Z" },
    { url = "https://files.pythonhosted.org/packages/14/d9/866b7e570b39070f92d47b0ff1800f0f8239b6f9e45f02363d7112336c1f/h5py-3.16.0-cp312-cp312-win_arm64.whl", hash = "sha256:39c2838fb1e8d97bcf1755e60ad1f3dd76a7b2a475928dc321672752678b96db", size = 2653286, upload-time = "2026-03-06T13:48:17.279Z" },
]

[[package]]
name = "jax"
version = "0.4.38"
source = { registry = "https://pypi.org/simple" }
dependencies = [
    { name = "jaxlib" },
    { name = "ml-dtypes" },
    { name = "numpy" },
    { name = "opt-einsum" },
    { name = "scipy" },
]
sdist = { url = "https://files.pythonhosted.org/packages/fb/e5/c4aa9644bb96b7f6747bd7c9f8cda7665ca5e194fa2542b2dea3ff730701/jax-0.4.38.tar.gz", hash = "sha256:43bae65881628319e0a2148e8f81a202fbc2b8d048e35c7cb1df2416672fa4a8", size = 1930034, upload-time = "2024-12-17T23:03:47.623Z" }
wheels = [
    { url = "https://files.pythonhosted.org/packages/22/49/b4418a7a892c0dd64442bbbeef54e1cdfe722dfc5a7bf0d611d3f5f90e99/jax-0.4.38-py3-none-any.whl", hash = "sha256:78987306f7041ea8500d99df1a17c33ed92620c2268c4c3677fb24e06712be64", size = 2236864, upload-time = "2024-12-17T23:03:44.433Z" },
]

[[package]]
name = "jaxlib"
version = "0.4.38"
source = { registry = "https://pypi.org/simple" }
dependencies = [
    { name = "ml-dtypes" },
    { name = "numpy" },
    { name = "scipy" },
]
wheels = [
    { url = "https://files.pythonhosted.org/packages/49/df/08b94c593c0867c7eaa334592807ba74495de4be90580f360db8b96221dc/jaxlib-0.4.38-cp312-cp312-macosx_10_14_x86_64.whl", hash = "sha256:3fefea985f0415816f3bbafd3f03a437050275ef9bac9a72c1314e1644ac57c1", size = 99737849, upload-time = "2024-12-17T23:06:20.406Z" },
    { url = "https://files.pythonhosted.org/packages/ab/b1/c9d2a7ba9ebeabb7ac37082f4c466364f475dc7550a79358c0f0aa89fdf2/jaxlib-0.4.38-cp312-cp312-macosx_11_0_arm64.whl", hash = "sha256:f33bcafe32c97a562ecf6894d7c41674c80c0acdedfa5423d49af51147149874", size = 79509242, upload-time = "2024-12-17T23:06:33.73Z" },
    { url = "https://files.pythonhosted.org/packages/53/25/dd670d8bdf3799ece76d12cfe6a6a250ea256057aa4b0fcace4753a99d2d/jaxlib-0.4.38-cp312-cp312-manylinux2014_aarch64.whl", hash = "sha256:496f45b0e001a2341309cd0c74af0b670537dced79c168cb230cfcc773f0aa86", size = 93251503, upload-time = "2024-12-17T23:06:48.243Z" },
    { url = "https://files.pythonhosted.org/packages/f9/cc/37fce5162f6b9070203fd76cc0f298d9b3bfdf01939a78935a6078d63621/jaxlib-0.4.38-cp312-cp312-manylinux2014_x86_64.whl", hash = "sha256:dad6c0a96567c06d083c0469fec40f201210b099365bd698be31a6d2ec88fd59", size = 101792792, upload-time = "2024-12-17T23:07:01.615Z" },
    { url = "https://files.pythonhosted.org/packages/6f/7a/8515950a60a4ea5b13cc98fc0a42e36553b2db5a6eedc00d3bd7836f77b5/jaxlib-0.4.38-cp312-cp312-win_amd64.whl", hash = "sha256:966cdec36cfa978f5b4582bcb4147fe511725b94c1a752dac3a5f52ce46b6fa3", size = 64288223, upload-time = "2024-12-17T23:07:15.024Z" },
]

[[package]]
name = "ml-dtypes"
version = "0.5.4"
source = { registry = "https://pypi.org/simple" }
dependencies = [
    { name = "numpy" },
]
sdist = { url = "https://files.pythonhosted.org/packages/0e/4a/c27b42ed9b1c7d13d9ba8b6905dece787d6259152f2309338aed29b2447b/ml_dtypes-0.5.4.tar.gz", hash = "sha256:8ab06a50fb9bf9666dd0fe5dfb4676fa2b0ac0f31ecff72a6c3af8e22c063453", size = 692314, upload-time = "2025-11-17T22:32:31.031Z" }
wheels = [
    { url = "https://files.pythonhosted.org/packages/a8/b8/3c70881695e056f8a32f8b941126cf78775d9a4d7feba8abcb52cb7b04f2/ml_dtypes-0.5.4-cp312-cp312-macosx_10_13_universal2.whl", hash = "sha256:a174837a64f5b16cab6f368171a1a03a27936b31699d167684073ff1c4237dac", size = 676927, upload-time = "2025-11-17T22:31:48.182Z" },
    { url = "https://files.pythonhosted.org/packages/54/0f/428ef6881782e5ebb7eca459689448c0394fa0a80bea3aa9262cba5445ea/ml_dtypes-0.5.4-cp312-cp312-manylinux_2_27_aarch64.manylinux_2_28_aarch64.whl", hash = "sha256:a7f7c643e8b1320fd958bf098aa7ecf70623a42ec5154e3be3be673f4c34d900", size = 5028464, upload-time = "2025-11-17T22:31:50.135Z" },
    { url = "https://files.pythonhosted.org/packages/3a/cb/28ce52eb94390dda42599c98ea0204d74799e4d8047a0eb559b6fd648056/ml_dtypes-0.5.4-cp312-cp312-manylinux_2_27_x86_64.manylinux_2_28_x86_64.whl", hash = "sha256:9ad459e99793fa6e13bd5b7e6792c8f9190b4e5a1b45c63aba14a4d0a7f1d5ff", size = 5009002, upload-time = "2025-11-17T22:31:52.001Z" },
    { url = "https://files.pythonhosted.org/packages/f5/f0/0cfadd537c5470378b1b32bd859cf2824972174b51b873c9d95cfd7475a5/ml_dtypes-0.5.4-cp312-cp312-win_amd64.whl", hash = "sha256:c1a953995cccb9e25a4ae19e34316671e4e2edaebe4cf538229b1fc7109087b7", size = 212222, upload-time = "2025-11-17T22:31:53.742Z" },
    { url = "https://files.pythonhosted.org/packages/16/2e/9acc86985bfad8f2c2d30291b27cd2bb4c74cea08695bd540906ed744249/ml_dtypes-0.5.4-cp312-cp312-win_arm64.whl", hash = "sha256:9bad06436568442575beb2d03389aa7456c690a5b05892c471215bfd8cf39460", size = 160793, upload-time = "2025-11-17T22:31:55.358Z" },
]

[[package]]
name = "networkx"
version = "3.7"
source = { registry = "https://pypi.org/simple" }
sdist = { url = "https://files.pythonhosted.org/packages/dc/76/3af777226b63a5e64a6b36b1ec5855c14e2b94a37096d4760e595fc43511/networkx-3.7.tar.gz", hash = "sha256:fd77a511bd90f39f3d016351345b52cf5319b813bdca01de3f755d3cca62e96a", size = 1866482, upload-time = "2026-09-21T16:45:16.974Z" }
wheels = [
    { url = "https://files.pythonhosted.org/packages/7e/cd/fe58041e9011f307c490e3e17dd48cc516448f7c698a3f2d9d9d65d7e6a8/networkx-3.7-py3-none-any.whl", hash = "sha256:e3fd2c13a7814cee3746340d8d7f8598a67f16a58bf47fb7f8793fab6efca1b0", size = 2142205, upload-time = "2026-09-21T16:45:14.609Z" },
]

[[package]]
name = "numpy"
version = "1.26.4"
source = { registry = "https://pypi.org/simple" }
sdist = { url = "https://files.pythonhosted.org/packages/65/6e/09db70a523a96d25e115e71cc56a6f9031e7b8cd166c1ac8438307c14058/numpy-1.26.4.tar.gz", hash = "sha256:2a02aba9ed12e4ac4eb3ea9421c420301a0c6460d9830d74a9df87efa4912010", size = 15786129, upload-time = "2024-02-06T00:26:44.495Z" }
wheels = [
    { url = "https://files.pythonhosted.org/packages/95/12/8f2020a8e8b8383ac0177dc9570aad031a3beb12e38847f7129bacd96228/numpy-1.26.4-cp312-cp312-macosx_10_9_x86_64.whl", hash = "sha256:b3ce300f3644fb06443ee2222c2201dd3a89ea6040541412b8fa189341847218", size = 20335901, upload-time = "2024-02-05T23:55:32.801Z" },
    { url = "https://files.pythonhosted.org/packages/75/5b/ca6c8bd14007e5ca171c7c03102d17b4f4e0ceb53957e8c44343a9546dcc/numpy-1.26.4-cp312-cp312-macosx_11_0_arm64.whl", hash = "sha256:03a8c78d01d9781b28a6989f6fa1bb2c4f2d51201cf99d3dd875df6fbd96b23b", size = 13685868, upload-time = "2024-02-05T23:55:56.28Z" },
    { url = "https://files.pythonhosted.org/packages/79/f8/97f10e6755e2a7d027ca783f63044d5b1bc1ae7acb12afe6a9b4286eac17/numpy-1.26.4-cp312-cp312-manylinux_2_17_aarch64.manylinux2014_aarch64.whl", hash = "sha256:9fad7dcb1aac3c7f0584a5a8133e3a43eeb2fe127f47e3632d43d677c66c102b", size = 13925109, upload-time = "2024-02-05T23:56:20.368Z" },
    { url = "https://files.pythonhosted.org/packages/0f/50/de23fde84e45f5c4fda2488c759b69990fd4512387a8632860f3ac9cd225/numpy-1.26.4-cp312-cp312-manylinux_2_17_x86_64.manylinux2014_x86_64.whl", hash = "sha256:675d61ffbfa78604709862923189bad94014bef562cc35cf61d3a07bba02a7ed", size = 17950613, upload-time = "2024-02-05T23:56:56.054Z" },
    { url = "https://files.pythonhosted.org/packages/4c/0c/9c603826b6465e82591e05ca230dfc13376da512b25ccd0894709b054ed0/numpy-1.26.4-cp312-cp312-musllinux_1_1_aarch64.whl", hash = "sha256:ab47dbe5cc8210f55aa58e4805fe224dac469cde56b9f731a4c098b91917159a", size = 13572172, upload-time = "2024-02-05T23:57:21.56Z" },
    { url = "https://files.pythonhosted.org/packages/76/8c/2ba3902e1a0fc1c74962ea9bb33a534bb05984ad7ff9515bf8d07527cadd/numpy-1.26.4-cp312-cp312-musllinux_1_1_x86_64.whl", hash = "sha256:1dda2e7b4ec9dd512f84935c5f126c8bd8b9f2fc001e9f54af255e8c5f16b0e0", size = 17786643, upload-time = "2024-02-05T23:57:56.585Z" },
    { url = "https://files.pythonhosted.org/packages/28/4a/46d9e65106879492374999e76eb85f87b15328e06bd1550668f79f7b18c6/numpy-1.26.4-cp312-cp312-win32.whl", hash = "sha256:50193e430acfc1346175fcbdaa28ffec49947a06918b7b92130744e81e640110", size = 5677803, upload-time = "2024-02-05T23:58:08.963Z" },
    { url = "https://files.pythonhosted.org/packages/16/2e/86f24451c2d530c88daf997cb8d6ac622c1d40d19f5a031ed68a4b73a374/numpy-1.26.4-cp312-cp312-win_amd64.whl", hash = "sha256:08beddf13648eb95f8d867350f6a018a4be2e5ad54c8d8caed89ebca558b2818", size = 15517754, upload-time = "2024-02-05T23:58:36.364Z" },
]

[[package]]
name = "openquantum-tensorcircuit-differentiable"
version = "0.1.0"
source = { virtual = "." }
dependencies = [
    { name = "jax" },
    { name = "jaxlib" },
    { name = "numpy" },
    { name = "tensorcircuit" },
]

[package.metadata]
requires-dist = [
    { name = "jax", specifier = "==0.4.38" },
    { name = "jaxlib", specifier = "==0.4.38" },
    { name = "numpy", specifier = "==1.26.4" },
    { name = "tensorcircuit", specifier = "==0.12.0" },
]

[[package]]
name = "opt-einsum"
version = "3.4.0"
source = { registry = "https://pypi.org/simple" }
sdist = { url = "https://files.pythonhosted.org/packages/8c/b9/2ac072041e899a52f20cf9510850ff58295003aa75525e58343591b0cbfb/opt_einsum-3.4.0.tar.gz", hash = "sha256:96ca72f1b886d148241348783498194c577fa30a8faac108586b14f1ba4473ac", size = 63004, upload-time = "2024-09-26T14:33:24.483Z" }
wheels = [
    { url = "https://files.pythonhosted.org/packages/23/cd/066e86230ae37ed0be70aae89aabf03ca8d9f39c8aea0dec8029455b5540/opt_einsum-3.4.0-py3-none-any.whl", hash = "sha256:69bb92469f86a1565195ece4ac0323943e83477171b91d24c35afe028a90d7cd", size = 71932, upload-time = "2024-09-26T14:33:23.039Z" },
]

[[package]]
name = "scipy"
version = "1.17.1"
source = { registry = "https://pypi.org/simple" }
dependencies = [
    { name = "numpy" },
]
sdist = { url = "https://files.pythonhosted.org/packages/7a/97/5a3609c4f8d58b039179648e62dd220f89864f56f7357f5d4f45c29eb2cc/scipy-1.17.1.tar.gz", hash = "sha256:95d8e012d8cb8816c226aef832200b1d45109ed4464303e997c5b13122b297c0", size = 30573822, upload-time = "2026-02-23T00:26:24.851Z" }
wheels = [
    { url = "https://files.pythonhosted.org/packages/35/48/b992b488d6f299dbe3f11a20b24d3dda3d46f1a635ede1c46b5b17a7b163/scipy-1.17.1-cp312-cp312-macosx_10_14_x86_64.whl", hash = "sha256:35c3a56d2ef83efc372eaec584314bd0ef2e2f0d2adb21c55e6ad5b344c0dcb8", size = 31610954, upload-time = "2026-02-23T00:17:49.855Z" },
    { url = "https://files.pythonhosted.org/packages/b2/02/cf107b01494c19dc100f1d0b7ac3cc08666e96ba2d64db7626066cee895e/scipy-1.17.1-cp312-cp312-macosx_12_0_arm64.whl", hash = "sha256:fcb310ddb270a06114bb64bbe53c94926b943f5b7f0842194d585c65eb4edd76", size = 28172662, upload-time = "2026-02-23T00:18:01.64Z" },
    { url = "https://files.pythonhosted.org/packages/cf/a9/599c28631bad314d219cf9ffd40e985b24d603fc8a2f4ccc5ae8419a535b/scipy-1.17.1-cp312-cp312-macosx_14_0_arm64.whl", hash = "sha256:cc90d2e9c7e5c7f1a482c9875007c095c3194b1cfedca3c2f3291cdc2bc7c086", size = 20344366, upload-time = "2026-02-23T00:18:12.015Z" },
    { url = "https://files.pythonhosted.org/packages/35/f5/906eda513271c8deb5af284e5ef0206d17a96239af79f9fa0aebfe0e36b4/scipy-1.17.1-cp312-cp312-macosx_14_0_x86_64.whl", hash = "sha256:c80be5ede8f3f8eded4eff73cc99a25c388ce98e555b17d31da05287015ffa5b", size = 22704017, upload-time = "2026-02-23T00:18:21.502Z" },
    { url = "https://files.pythonhosted.org/packages/da/34/16f10e3042d2f1d6b66e0428308ab52224b6a23049cb2f5c1756f713815f/scipy-1.17.1-cp312-cp312-manylinux_2_27_aarch64.manylinux_2_28_aarch64.whl", hash = "sha256:e19ebea31758fac5893a2ac360fedd00116cbb7628e650842a6691ba7ca28a21", size = 32927842, upload-time = "2026-02-23T00:18:35.367Z" },
    { url = "https://files.pythonhosted.org/packages/01/8e/1e35281b8ab6d5d72ebe9911edcdffa3f36b04ed9d51dec6dd140396e220/scipy-1.17.1-cp312-cp312-manylinux_2_27_x86_64.manylinux_2_28_x86_64.whl", hash = "sha256:02ae3b274fde71c5e92ac4d54bc06c42d80e399fec704383dcd99b301df37458", size = 35235890, upload-time = "2026-02-23T00:18:49.188Z" },
    { url = "https://files.pythonhosted.org/packages/c5/5c/9d7f4c88bea6e0d5a4f1bc0506a53a00e9fcb198de372bfe4d3652cef482/scipy-1.17.1-cp312-cp312-musllinux_1_2_aarch64.whl", hash = "sha256:8a604bae87c6195d8b1045eddece0514d041604b14f2727bbc2b3020172045eb", size = 35003557, upload-time = "2026-02-23T00:18:54.74Z" },
    { url = "https://files.pythonhosted.org/packages/65/94/7698add8f276dbab7a9de9fb6b0e02fc13ee61d51c7c3f85ac28b65e1239/scipy-1.17.1-cp312-cp312-musllinux_1_2_x86_64.whl", hash = "sha256:f590cd684941912d10becc07325a3eeb77886fe981415660d9265c4c418d0bea", size = 37625856, upload-time = "2026-02-23T00:19:00.307Z" },
    { url = "https://files.pythonhosted.org/packages/a2/84/dc08d77fbf3d87d3ee27f6a0c6dcce1de5829a64f2eae85a0ecc1f0daa73/scipy-1.17.1-cp312-cp312-win_amd64.whl", hash = "sha256:41b71f4a3a4cab9d366cd9065b288efc4d4f3c0b37a91a8e0947fb5bd7f31d87", size = 36549682, upload-time = "2026-02-23T00:19:07.67Z" },
    { url = "https://files.pythonhosted.org/packages/bc/98/fe9ae9ffb3b54b62559f52dedaebe204b408db8109a8c66fdd04869e6424/scipy-1.17.1-cp312-cp312-win_arm64.whl", hash = "sha256:f4115102802df98b2b0db3cce5cb9b92572633a1197c77b7553e5203f284a5b3", size = 24547340, upload-time = "2026-02-23T00:19:12.024Z" },
]

[[package]]
name = "tensorcircuit"
version = "0.12.0"
source = { registry = "https://pypi.org/simple" }
dependencies = [
    { name = "networkx" },
    { name = "numpy" },
    { name = "scipy" },
    { name = "tensornetwork-ng" },
]
sdist = { url = "https://files.pythonhosted.org/packages/64/e9/ae03ebd3a1cee2ca9395b364d086b072a8adec95ca26482c2cab05af49d4/tensorcircuit-0.12.0.tar.gz", hash = "sha256:eab991c34fc8452dba334eeb0c83053dee5d1d06b0d1c5112b17d9f9bbd9fd43", size = 367521, upload-time = "2024-03-15T02:20:48.843Z" }
wheels = [
    { url = "https://files.pythonhosted.org/packages/0e/83/154c13cfc3a21f50887dc0e3bd217603b6fc067b0dff18fc045c644a5c84/tensorcircuit-0.12.0-py3-none-any.whl", hash = "sha256:dedc3c892deff1319d3faebb73aa40d8625fd583a38966bbe928c6ef7fec2bf6", size = 342010, upload-time = "2024-03-15T02:20:46.445Z" },
]

[[package]]
name = "tensornetwork-ng"
version = "0.5.1"
source = { registry = "https://pypi.org/simple" }
dependencies = [
    { name = "graphviz" },
    { name = "h5py" },
    { name = "numpy" },
    { name = "opt-einsum" },
    { name = "scipy" },
]
sdist = { url = "https://files.pythonhosted.org/packages/30/e3/738c9f253c790c0964f388711757e9f0af3b3f75e3fe2cf7427c9c34d290/tensornetwork_ng-0.5.1.tar.gz", hash = "sha256:b123073969c3a5440bc364f7a0c1e428b19d3b7c0c7b4c7e6aa2e936bd7dbaf3", size = 130500, upload-time = "2024-12-02T02:32:58.195Z" }
wheels = [
    { url = "https://files.pythonhosted.org/packages/de/be/120e746deb786ebcb4d258c161c1863900ea76234b675053c22f64ad08b7/tensornetwork_ng-0.5.1-py3-none-any.whl", hash = "sha256:d9479a8fc35c14aac327b1aba345672fe1e303ae88ed8d5c896c79a429a59afd", size = 244061, upload-time = "2024-12-02T02:32:56.204Z" },
]
