version = 1
revision = 3
requires-python = "==3.12.*"

[[package]]
name = "dimod"
version = "0.12.22"
source = { registry = "https://pypi.org/simple" }
dependencies = [
    { name = "numpy" },
]
sdist = { url = "https://files.pythonhosted.org/packages/45/f7/6122d947e4d07daf16ba846338b4d16e8168169868442faf7fc5423d9e8b/dimod-0.12.22.tar.gz", hash = "sha256:303549a92c10318a59ff5e9089e4216661738538cd82e594b3ed692438c8be29", size = 3156706, upload-time = "2026-06-08T19:41:04.31Z" }
wheels = [
    { url = "https://files.pythonhosted.org/packages/39/38/17a963722939a5097fcd5e335be89a39ef9e24f70fd779b6e185304152f1/dimod-0.12.22-cp312-cp312-macosx_10_13_x86_64.whl", hash = "sha256:2ec5c49bba0dec84e3397bd36493efae36dbf1d2f7c3f4e71f9266011789f063", size = 5333980, upload-time = "2026-06-08T19:40:30.715Z" },
    { url = "https://files.pythonhosted.org/packages/a5/a8/b1f1f4f78cd0c528e598d5eecf921e529b3eae4bd482c12ea038a11f3bec/dimod-0.12.22-cp312-cp312-macosx_11_0_arm64.whl", hash = "sha256:503eb703d6333cf31da031c1b926e3e9c5f04e679f3fb4e22e8e72eacf3bb050", size = 5174885, upload-time = "2026-06-08T19:40:32.49Z" },
    { url = "https://files.pythonhosted.org/packages/57/79/aaf04f9d690364819f9732b481c28247310106ac77c510bcfb661c443aa7/dimod-0.12.22-cp312-cp312-manylinux2014_aarch64.manylinux_2_17_aarch64.whl", hash = "sha256:f3778348b0f834a69583778218c84740c914b35a2238057afc15dd6974ccf84b", size = 8525510, upload-time = "2026-06-08T19:40:33.949Z" },
    { url = "https://files.pythonhosted.org/packages/ab/b2/78495eab8295dbe9a19663a6e86f4f3a819fc95ccf35d5e859aaadf8b80d/dimod-0.12.22-cp312-cp312-manylinux2014_x86_64.manylinux_2_17_x86_64.whl", hash = "sha256:ca9e9bcd7ac681f699435694cf2a43592a70bf205088e1a9d05fc5d4088c8f29", size = 8664853, upload-time = "2026-06-08T19:40:35.688Z" },
    { url = "https://files.pythonhosted.org/packages/95/8c/8b5047555ba6cf816c208ecfcdca0b4522d92bd0b8e4ea2291483ebe5428/dimod-0.12.22-cp312-cp312-win_amd64.whl", hash = "sha256:7e1698cc4d51d698b02dd17f20d5356a34a59583f7df523b645a9582d37a10ae", size = 5123012, upload-time = "2026-06-08T19:40:37.837Z" },
]

[[package]]
name = "dwave-samplers"
version = "1.8.0"
source = { registry = "https://pypi.org/simple" }
dependencies = [
    { name = "dimod" },
    { name = "networkx" },
    { name = "numpy" },
]
sdist = { url = "https://files.pythonhosted.org/packages/0d/0b/935384c075444fdc74140049259fa3e07146db6d2fc465032c273b765aa4/dwave_samplers-1.8.0.tar.gz", hash = "sha256:d4bafd175544b2a17975d2818a49be2269bbae015528b6e0046be9e6631fa35f", size = 190183, upload-time = "2026-06-18T15:56:00.61Z" }
wheels = [
    { url = "https://files.pythonhosted.org/packages/71/3c/fbe5aa2ef0e48b8c60853d1ee1fbd379f6b1fcd6098fd8b807b6d04133ed/dwave_samplers-1.8.0-cp312-abi3-macosx_10_13_x86_64.whl", hash = "sha256:5d7ba124fb5f63f1ba0292f2d4eb28e97a690dc56924aba4452f90f74e37a98d", size = 1011856, upload-time = "2026-06-18T15:55:48.3Z" },
    { url = "https://files.pythonhosted.org/packages/3d/53/3196fbf483be165cbf0e198ac23dd3c8d70592a6ae3914d409b1ef56edae/dwave_samplers-1.8.0-cp312-abi3-macosx_11_0_arm64.whl", hash = "sha256:a6a8225430e95e9d8f0213d6ccbaa7f20909744badc1d5b598e44bfae6deaf56", size = 988392, upload-time = "2026-06-18T15:55:49.379Z" },
    { url = "https://files.pythonhosted.org/packages/f0/18/aa9f518bca61940f9d95481e3b265783cc5aca25c737cfd91b2752b6efba/dwave_samplers-1.8.0-cp312-abi3-manylinux2014_aarch64.manylinux_2_17_aarch64.whl", hash = "sha256:5d3e281723004a190e079bd4488f5d7a36342a25554fb12345990b5712eafea0", size = 2406208, upload-time = "2026-06-18T15:55:50.529Z" },
    { url = "https://files.pythonhosted.org/packages/d0/d3/c9a72352945811701b55540164da30dc5237a3afa8988e17458d472c96b3/dwave_samplers-1.8.0-cp312-abi3-manylinux2014_x86_64.manylinux_2_17_x86_64.whl", hash = "sha256:0808d8e840b6fa552a1f62a30fbd0d5a04d34044c1b1d4c3152a4991f66e26e8", size = 2537347, upload-time = "2026-06-18T15:55:51.819Z" },
    { url = "https://files.pythonhosted.org/packages/9b/4b/daff33960b1d8ec000d945549c991ee4a4998cfa568d208963ff3d1c5e4e/dwave_samplers-1.8.0-cp312-abi3-win_amd64.whl", hash = "sha256:06947ccf1cd8e0394085fed67c1eda62e41ac1f2feb4d7daa35a717cfa26d068", size = 1134391, upload-time = "2026-06-18T15:55:52.996Z" },
]

[[package]]
name = "networkx"
version = "3.7"
source = { registry = "https://pypi.org/simple" }
sdist = { url = "https://files.pythonhosted.org/packages/dc/76/3af777226b63a5e64a6b36b1ec5855c14e2b94a37096d4760e595fc43511/networkx-3.7.tar.gz", hash = "sha256:fd77a511bd90f39f3d016351345b52cf5319b813bdca01de3f755d3cca62e96a", size = 1866482, upload-time = "2026-09-21T16:45:16.974Z" }
wheels = [
    { url = "https://files.pythonhosted.org/packages/7e/cd/fe58041e9011f307c490e3e17dd48cc516448f7c698a3f2d9d9d65d7e6a8/networkx-3.7-py3-none-any.whl", hash = "sha256:e3fd2c13a7814cee3746340d8d7f8598a67f16a58bf47fb7f8793fab6efca1b0", size = 2142205, upload-time = "2026-09-21T16:45:14.609Z" },
]

[[package]]
name = "numpy"
version = "2.5.3"
source = { registry = "https://pypi.org/simple" }
sdist = { url = "https://files.pythonhosted.org/packages/13/01/11703282db468b85f6f7b8c7f22d058de5970d5c7e60a3a8aaa313c3de36/numpy-2.5.3.tar.gz", hash = "sha256:df2d5874ff183595a4ba404edd04f6bd9b5505c1d7708573f6a6c17489a67563", size = 20791231, upload-time = "2026-09-06T16:27:47.073Z" }
wheels = [
    { url = "https://files.pythonhosted.org/packages/d6/50/8fdbb16af64895706a45f06a4068e29db732ec180f3c1375f14123359138/numpy-2.5.3-cp312-cp312-macosx_10_13_x86_64.whl", hash = "sha256:cb189f09db39283b26bfd061ec16189e14f71c6755207f72a0f7540867afe5b9", size = 16994982, upload-time = "2026-09-06T16:24:29.244Z" },
    { url = "https://files.pythonhosted.org/packages/60/39/789131c1188c078dcb3a1692e72e1e050c68b88ffe72c9ccaac9bcd7a9cd/numpy-2.5.3-cp312-cp312-macosx_11_0_arm64.whl", hash = "sha256:f59a878c33d6b88122d80d239bb3b845d58708750b0cb06a09aebb9b18ec696c", size = 12009327, upload-time = "2026-09-06T16:24:32.491Z" },
    { url = "https://files.pythonhosted.org/packages/9c/59/a312e95696e5f601914dd8b6dd844692ba61670807417e24b68e337b5c70/numpy-2.5.3-cp312-cp312-macosx_14_0_arm64.whl", hash = "sha256:a72f874bc9e10e4b8f80426fb49716d5141f64442a0c8418065093ec8017fbb0", size = 5445405, upload-time = "2026-09-06T16:24:35.071Z" },
    { url = "https://files.pythonhosted.org/packages/30/d0/5623a1707ed4fe16e3909fe3cf5ee3da004ae677ad23d83bbf3adf1a6faf/numpy-2.5.3-cp312-cp312-macosx_14_0_x86_64.whl", hash = "sha256:fc36dc566135b5eceec4cf89758fcb719266a019ef07dae1754ae7c9f617ef3e", size = 6783213, upload-time = "2026-09-06T16:24:37.253Z" },
    { url = "https://files.pythonhosted.org/packages/f1/32/84146fc020ad3c25f805f70ab60da46fe3c540a21369754a7e4369754b6f/numpy-2.5.3-cp312-cp312-manylinux_2_27_aarch64.manylinux_2_28_aarch64.whl", hash = "sha256:76c2c1e6bfa5c84adc6434dfbf013aa92096a7985221762c8f11fedfd20fff58", size = 15687872, upload-time = "2026-09-06T16:24:39.751Z" },
    { url = "https://files.pythonhosted.org/packages/65/af/aa78d1a88805456e212b65461354cd943197fb9acecc4c90fd12295123a3/numpy-2.5.3-cp312-cp312-manylinux_2_27_x86_64.manylinux_2_28_x86_64.whl", hash = "sha256:b7e18c623bb5c95acb3b3328861272816ba199fb531921c5d6d0b675f1fde9e3", size = 16717410, upload-time = "2026-09-06T16:24:42.745Z" },
    { url = "https://files.pythonhosted.org/packages/3b/24/faa79d865e69a97ba17473b23a1b74094b2259c03e820c70297293b9ea49/numpy-2.5.3-cp312-cp312-musllinux_1_2_aarch64.whl", hash = "sha256:4f8929ee6c96bfbd7b4ed2032e0c03af86fe1826740ab61ddabf9072d06e57ff", size = 17040975, upload-time = "2026-09-06T16:24:45.961Z" },
    { url = "https://files.pythonhosted.org/packages/62/4a/8877e629445a7176297dffcaf9c485faa96a95d81728a62521ad55bd4c0f/numpy-2.5.3-cp312-cp312-musllinux_1_2_x86_64.whl", hash = "sha256:b5d93cf48f687479941d12b69c873ad2cc76bbd487f0091c2200636497f34034", size = 18476479, upload-time = "2026-09-06T16:24:49.35Z" },
    { url = "https://files.pythonhosted.org/packages/c8/db/35e1c2d38b04cbd5b731f9d71495e055e813197669d22b612f11748d2ff9/numpy-2.5.3-cp312-cp312-win32.whl", hash = "sha256:bf63afbe037eb5d2fe87fbcc7778e61da53ebaf21d938a4515aa73b62532a5d4", size = 6133378, upload-time = "2026-09-06T16:24:51.915Z" },
    { url = "https://files.pythonhosted.org/packages/3c/a1/accf6d4f0c80c5d9ba9735d6b1550e444180599f34dec69ca01360f717ad/numpy-2.5.3-cp312-cp312-win_amd64.whl", hash = "sha256:0a59a421a32580a009e8a1751345bf829631b990dc1794b80514ab722b435def", size = 12567828, upload-time = "2026-09-06T16:24:54.255Z" },
    { url = "https://files.pythonhosted.org/packages/22/43/1764aff32e4652526ae2f71fa8b3efd8d25c8a3d6926914454e47138ed1e/numpy-2.5.3-cp312-cp312-win_arm64.whl", hash = "sha256:ccb32e0525d29e8b0572eb84c9a57af0e7a4e615726927506f55063c62414034", size = 10485432, upload-time = "2026-09-06T16:24:57.278Z" },
]

[[package]]
name = "openquantum-ocean-optimization"
version = "0.1.0"
source = { virtual = "." }
dependencies = [
    { name = "dimod" },
    { name = "dwave-samplers" },
]

[package.metadata]
requires-dist = [
    { name = "dimod", specifier = "==0.12.22" },
    { name = "dwave-samplers", specifier = "==1.8.0" },
]
